
Microsoft Visual Studio Solution File, Format Version 12.00
# Visual Studio Version 17
VisualStudioVersion = 17.4.33213.308
MinimumVisualStudioVersion = 10.0.40219.1
Project("{9A19103F-16F7-4668-BE54-9A1E7A4F7556}") = "Esatto.Win32.Registry", "Esatto.Win32.Registry\Esatto.Win32.Registry.csproj", "{9744A982-E0F2-42B5-A790-90E51061B582}"
EndProject
Project("{9A19103F-16F7-4668-BE54-9A1E7A4F7556}") = "Esatto.Win32.CommonControls", "Esatto.Win32.CommonControls\Esatto.Win32.CommonControls.csproj", "{F644E506-5C75-4A11-A601-D6611CFC0E93}"
EndProject
Project("{9A19103F-16F7-4668-BE54-9A1E7A4F7556}") = "Esatto.Win32.Common", "Esatto.Win32.Common\Esatto.Win32.Common.csproj", "{4C1BD63A-4B34-456B-9825-5261914FFD3D}"
EndProject
Project("{9A19103F-16F7-4668-BE54-9A1E7A4F7556}") = "Esatto.Win32.Registry.AdmxExporter", "Esatto.Win32.Registry.AdmxExporter\Esatto.Win32.Registry.AdmxExporter.csproj", "{85120A4F-54BF-441C-A1CC-39CAFFC66C1D}"
EndProject
Project("{2150E333-8FDC-42A3-9474-1A3956D46DE8}") = "_ Solution Items", "_ Solution Items", "{C591445A-B156-49FD-A0FC-A5B3CF37B04D}"
	ProjectSection(SolutionItems) = preProject
		.editorconfig = .editorconfig
		Assets\EsattoCSCommon.targets = Assets\EsattoCSCommon.targets
		LICENSE.txt = LICENSE.txt
		Readme.md = Readme.md
		.github\workflows\release.yml = .github\workflows\release.yml
	EndProjectSection
EndProject
Project("{9A19103F-16F7-4668-BE54-9A1E7A4F7556}") = "Esatto.Win32.Com", "Esatto.Win32.Com\Esatto.Win32.Com.csproj", "{D4B706C2-F75F-4F9A-B9EA-A1FF085C484D}"
EndProject
Project("{9A19103F-16F7-4668-BE54-9A1E7A4F7556}") = "Esatto.Utilities", "Esatto.Utilities\Esatto.Utilities.csproj", "{22EAE3D8-7A1E-470B-ACB7-7E06A090EDAC}"
EndProject
Project("{9A19103F-16F7-4668-BE54-9A1E7A4F7556}") = "Esatto.Win32.RdpDvc.Common", "Esatto.Win32.RdpDvc.Common\Esatto.Win32.RdpDvc.Common.csproj", "{873282B3-11C4-4420-9D77-224AA1230D69}"
EndProject
Project("{2150E333-8FDC-42A3-9474-1A3956D46DE8}") = "Registry", "Registry", "{07BA62A2-02DC-4B6A-8E8A-1910AFC6B843}"
EndProject
Project("{9A19103F-16F7-4668-BE54-9A1E7A4F7556}") = "Esatto.Win32.Registry.SampleApp", "Esatto.Win32.Registry.SampleApp\Esatto.Win32.Registry.SampleApp.csproj", "{F17CE9C1-DA52-4709-BFCE-961F5BC1F365}"
EndProject
Project("{2150E333-8FDC-42A3-9474-1A3956D46DE8}") = "NetInjector", "NetInjector", "{F9DF278D-80B1-43A8-A0C8-14C02B51A737}"
EndProject
Project("{2150E333-8FDC-42A3-9474-1A3956D46DE8}") = "Demo", "Demo", "{0D94A0D4-EA46-4614-B94C-282E0005AB7C}"
EndProject
Project("{9A19103F-16F7-4668-BE54-9A1E7A4F7556}") = "Esatto.Win32.NetInjector", "Esatto.Win32.NetInjector\Esatto.Win32.NetInjector.csproj", "{70F63238-A7F4-4765-862E-32D980961A09}"
EndProject
Project("{8BC9CEB8-8B4A-11D0-8D11-00A0C91BC942}") = "Esatto.Win32.NetInjector.NetFx", "Esatto.Win32.NetInjector.NetFx\Esatto.Win32.NetInjector.NetFx.vcxproj", "{E9010917-A171-4C34-9F69-7D16EC814448}"
EndProject
Project("{9A19103F-16F7-4668-BE54-9A1E7A4F7556}") = "HookExample", "Esatto.Win32.NetInjector.Demo\HookExample\HookExample.csproj", "{D67B31F7-7BA2-4ECF-BAD8-46F303303F76}"
EndProject
Project("{9A19103F-16F7-4668-BE54-9A1E7A4F7556}") = "HookInitiator", "Esatto.Win32.NetInjector.Demo\HookInitiator\HookInitiator.csproj", "{38BB88C4-31C9-4CF7-8062-082B3B517F45}"
EndProject
Project("{9A19103F-16F7-4668-BE54-9A1E7A4F7556}") = "HookTarget", "Esatto.Win32.NetInjector.Demo\HookTarget\HookTarget.csproj", "{7D7E615F-2D80-4D3A-B2F5-8760294E80B7}"
EndProject
Global
	GlobalSection(SolutionConfigurationPlatforms) = preSolution
		Debug|Any CPU = Debug|Any CPU
		Debug|x64 = Debug|x64
		Debug|x86 = Debug|x86
		Release|Any CPU = Release|Any CPU
		Release|x64 = Release|x64
		Release|x86 = Release|x86
	EndGlobalSection
	GlobalSection(ProjectConfigurationPlatforms) = postSolution
		{9744A982-E0F2-42B5-A790-90E51061B582}.Debug|Any CPU.ActiveCfg = Debug|Any CPU
		{9744A982-E0F2-42B5-A790-90E51061B582}.Debug|Any CPU.Build.0 = Debug|Any CPU
		{9744A982-E0F2-42B5-A790-90E51061B582}.Debug|x64.ActiveCfg = Debug|Any CPU
		{9744A982-E0F2-42B5-A790-90E51061B582}.Debug|x64.Build.0 = Debug|Any CPU
		{9744A982-E0F2-42B5-A790-90E51061B582}.Debug|x86.ActiveCfg = Debug|Any CPU
		{9744A982-E0F2-42B5-A790-90E51061B582}.Debug|x86.Build.0 = Debug|Any CPU
		{9744A982-E0F2-42B5-A790-90E51061B582}.Release|Any CPU.ActiveCfg = Release|Any CPU
		{9744A982-E0F2-42B5-A790-90E51061B582}.Release|Any CPU.Build.0 = Release|Any CPU
		{9744A982-E0F2-42B5-A790-90E51061B582}.Release|x64.ActiveCfg = Release|Any CPU
		{9744A982-E0F2-42B5-A790-90E51061B582}.Release|x64.Build.0 = Release|Any CPU
		{9744A982-E0F2-42B5-A790-90E51061B582}.Release|x86.ActiveCfg = Release|Any CPU
		{9744A982-E0F2-42B5-A790-90E51061B582}.Release|x86.Build.0 = Release|Any CPU
		{F644E506-5C75-4A11-A601-D6611CFC0E93}.Debug|Any CPU.ActiveCfg = Debug|Any CPU
		{F644E506-5C75-4A11-A601-D6611CFC0E93}.Debug|Any CPU.Build.0 = Debug|Any CPU
		{F644E506-5C75-4A11-A601-D6611CFC0E93}.Debug|x64.ActiveCfg = Debug|Any CPU
		{F644E506-5C75-4A11-A601-D6611CFC0E93}.Debug|x64.Build.0 = Debug|Any CPU
		{F644E506-5C75-4A11-A601-D6611CFC0E93}.Debug|x86.ActiveCfg = Debug|Any CPU
		{F644E506-5C75-4A11-A601-D6611CFC0E93}.Debug|x86.Build.0 = Debug|Any CPU
		{F644E506-5C75-4A11-A601-D6611CFC0E93}.Release|Any CPU.ActiveCfg = Release|Any CPU
		{F644E506-5C75-4A11-A601-D6611CFC0E93}.Release|Any CPU.Build.0 = Release|Any CPU
		{F644E506-5C75-4A11-A601-D6611CFC0E93}.Release|x64.ActiveCfg = Release|Any CPU
		{F644E506-5C75-4A11-A601-D6611CFC0E93}.Release|x64.Build.0 = Release|Any CPU
		{F644E506-5C75-4A11-A601-D6611CFC0E93}.Release|x86.ActiveCfg = Release|Any CPU
		{F644E506-5C75-4A11-A601-D6611CFC0E93}.Release|x86.Build.0 = Release|Any CPU
		{4C1BD63A-4B34-456B-9825-5261914FFD3D}.Debug|Any CPU.ActiveCfg = Debug|Any CPU
		{4C1BD63A-4B34-456B-9825-5261914FFD3D}.Debug|Any CPU.Build.0 = Debug|Any CPU
		{4C1BD63A-4B34-456B-9825-5261914FFD3D}.Debug|x64.ActiveCfg = Debug|Any CPU
		{4C1BD63A-4B34-456B-9825-5261914FFD3D}.Debug|x64.Build.0 = Debug|Any CPU
		{4C1BD63A-4B34-456B-9825-5261914FFD3D}.Debug|x86.ActiveCfg = Debug|Any CPU
		{4C1BD63A-4B34-456B-9825-5261914FFD3D}.Debug|x86.Build.0 = Debug|Any CPU
		{4C1BD63A-4B34-456B-9825-5261914FFD3D}.Release|Any CPU.ActiveCfg = Release|Any CPU
		{4C1BD63A-4B34-456B-9825-5261914FFD3D}.Release|Any CPU.Build.0 = Release|Any CPU
		{4C1BD63A-4B34-456B-9825-5261914FFD3D}.Release|x64.ActiveCfg = Release|Any CPU
		{4C1BD63A-4B34-456B-9825-5261914FFD3D}.Release|x64.Build.0 = Release|Any CPU
		{4C1BD63A-4B34-456B-9825-5261914FFD3D}.Release|x86.ActiveCfg = Release|Any CPU
		{4C1BD63A-4B34-456B-9825-5261914FFD3D}.Release|x86.Build.0 = Release|Any CPU
		{85120A4F-54BF-441C-A1CC-39CAFFC66C1D}.Debug|Any CPU.ActiveCfg = Debug|Any CPU
		{85120A4F-54BF-441C-A1CC-39CAFFC66C1D}.Debug|Any CPU.Build.0 = Debug|Any CPU
		{85120A4F-54BF-441C-A1CC-39CAFFC66C1D}.Debug|x64.ActiveCfg = Debug|Any CPU
		{85120A4F-54BF-441C-A1CC-39CAFFC66C1D}.Debug|x64.Build.0 = Debug|Any CPU
		{85120A4F-54BF-441C-A1CC-39CAFFC66C1D}.Debug|x86.ActiveCfg = Debug|Any CPU
		{85120A4F-54BF-441C-A1CC-39CAFFC66C1D}.Debug|x86.Build.0 = Debug|Any CPU
		{85120A4F-54BF-441C-A1CC-39CAFFC66C1D}.Release|Any CPU.ActiveCfg = Release|Any CPU
		{85120A4F-54BF-441C-A1CC-39CAFFC66C1D}.Release|Any CPU.Build.0 = Release|Any CPU
		{85120A4F-54BF-441C-A1CC-39CAFFC66C1D}.Release|x64.ActiveCfg = Release|Any CPU
		{85120A4F-54BF-441C-A1CC-39CAFFC66C1D}.Release|x64.Build.0 = Release|Any CPU
		{85120A4F-54BF-441C-A1CC-39CAFFC66C1D}.Release|x86.ActiveCfg = Release|Any CPU
		{85120A4F-54BF-441C-A1CC-39CAFFC66C1D}.Release|x86.Build.0 = Release|Any CPU
		{D4B706C2-F75F-4F9A-B9EA-A1FF085C484D}.Debug|Any CPU.ActiveCfg = Debug|Any CPU
		{D4B706C2-F75F-4F9A-B9EA-A1FF085C484D}.Debug|Any CPU.Build.0 = Debug|Any CPU
		{D4B706C2-F75F-4F9A-B9EA-A1FF085C484D}.Debug|x64.ActiveCfg = Debug|Any CPU
		{D4B706C2-F75F-4F9A-B9EA-A1FF085C484D}.Debug|x64.Build.0 = Debug|Any CPU
		{D4B706C2-F75F-4F9A-B9EA-A1FF085C484D}.Debug|x86.ActiveCfg = Debug|Any CPU
		{D4B706C2-F75F-4F9A-B9EA-A1FF085C484D}.Debug|x86.Build.0 = Debug|Any CPU
		{D4B706C2-F75F-4F9A-B9EA-A1FF085C484D}.Release|Any CPU.ActiveCfg = Release|Any CPU
		{D4B706C2-F75F-4F9A-B9EA-A1FF085C484D}.Release|Any CPU.Build.0 = Release|Any CPU
		{D4B706C2-F75F-4F9A-B9EA-A1FF085C484D}.Release|x64.ActiveCfg = Release|Any CPU
		{D4B706C2-F75F-4F9A-B9EA-A1FF085C484D}.Release|x64.Build.0 = Release|Any CPU
		{D4B706C2-F75F-4F9A-B9EA-A1FF085C484D}.Release|x86.ActiveCfg = Release|Any CPU
		{D4B706C2-F75F-4F9A-B9EA-A1FF085C484D}.Release|x86.Build.0 = Release|Any CPU
		{22EAE3D8-7A1E-470B-ACB7-7E06A090EDAC}.Debug|Any CPU.ActiveCfg = Debug|Any CPU
		{22EAE3D8-7A1E-470B-ACB7-7E06A090EDAC}.Debug|Any CPU.Build.0 = Debug|Any CPU
		{22EAE3D8-7A1E-470B-ACB7-7E06A090EDAC}.Debug|x64.ActiveCfg = Debug|Any CPU
		{22EAE3D8-7A1E-470B-ACB7-7E06A090EDAC}.Debug|x64.Build.0 = Debug|Any CPU
		{22EAE3D8-7A1E-470B-ACB7-7E06A090EDAC}.Debug|x86.ActiveCfg = Debug|Any CPU
		{22EAE3D8-7A1E-470B-ACB7-7E06A090EDAC}.Debug|x86.Build.0 = Debug|Any CPU
		{22EAE3D8-7A1E-470B-ACB7-7E06A090EDAC}.Release|Any CPU.ActiveCfg = Release|Any CPU
		{22EAE3D8-7A1E-470B-ACB7-7E06A090EDAC}.Release|Any CPU.Build.0 = Release|Any CPU
		{22EAE3D8-7A1E-470B-ACB7-7E06A090EDAC}.Release|x64.ActiveCfg = Release|Any CPU
		{22EAE3D8-7A1E-470B-ACB7-7E06A090EDAC}.Release|x64.Build.0 = Release|Any CPU
		{22EAE3D8-7A1E-470B-ACB7-7E06A090EDAC}.Release|x86.ActiveCfg = Release|Any CPU
		{22EAE3D8-7A1E-470B-ACB7-7E06A090EDAC}.Release|x86.Build.0 = Release|Any CPU
		{873282B3-11C4-4420-9D77-224AA1230D69}.Debug|Any CPU.ActiveCfg = Debug|Any CPU
		{873282B3-11C4-4420-9D77-224AA1230D69}.Debug|Any CPU.Build.0 = Debug|Any CPU
		{873282B3-11C4-4420-9D77-224AA1230D69}.Debug|x64.ActiveCfg = Debug|Any CPU
		{873282B3-11C4-4420-9D77-224AA1230D69}.Debug|x64.Build.0 = Debug|Any CPU
		{873282B3-11C4-4420-9D77-224AA1230D69}.Debug|x86.ActiveCfg = Debug|Any CPU
		{873282B3-11C4-4420-9D77-224AA1230D69}.Debug|x86.Build.0 = Debug|Any CPU
		{873282B3-11C4-4420-9D77-224AA1230D69}.Release|Any CPU.ActiveCfg = Release|Any CPU
		{873282B3-11C4-4420-9D77-224AA1230D69}.Release|Any CPU.Build.0 = Release|Any CPU
		{873282B3-11C4-4420-9D77-224AA1230D69}.Release|x64.ActiveCfg = Release|Any CPU
		{873282B3-11C4-4420-9D77-224AA1230D69}.Release|x64.Build.0 = Release|Any CPU
		{873282B3-11C4-4420-9D77-224AA1230D69}.Release|x86.ActiveCfg = Release|Any CPU
		{873282B3-11C4-4420-9D77-224AA1230D69}.Release|x86.Build.0 = Release|Any CPU
		{F17CE9C1-DA52-4709-BFCE-961F5BC1F365}.Debug|Any CPU.ActiveCfg = Debug|Any CPU
		{F17CE9C1-DA52-4709-BFCE-961F5BC1F365}.Debug|x64.ActiveCfg = Debug|Any CPU
		{F17CE9C1-DA52-4709-BFCE-961F5BC1F365}.Debug|x64.Build.0 = Debug|Any CPU
		{F17CE9C1-DA52-4709-BFCE-961F5BC1F365}.Debug|x86.ActiveCfg = Debug|Any CPU
		{F17CE9C1-DA52-4709-BFCE-961F5BC1F365}.Debug|x86.Build.0 = Debug|Any CPU
		{F17CE9C1-DA52-4709-BFCE-961F5BC1F365}.Release|Any CPU.ActiveCfg = Release|Any CPU
		{F17CE9C1-DA52-4709-BFCE-961F5BC1F365}.Release|x64.ActiveCfg = Release|Any CPU
		{F17CE9C1-DA52-4709-BFCE-961F5BC1F365}.Release|x64.Build.0 = Release|Any CPU
		{F17CE9C1-DA52-4709-BFCE-961F5BC1F365}.Release|x86.ActiveCfg = Release|Any CPU
		{F17CE9C1-DA52-4709-BFCE-961F5BC1F365}.Release|x86.Build.0 = Release|Any CPU
		{70F63238-A7F4-4765-862E-32D980961A09}.Debug|Any CPU.ActiveCfg = Debug|Any CPU
		{70F63238-A7F4-4765-862E-32D980961A09}.Debug|Any CPU.Build.0 = Debug|Any CPU
		{70F63238-A7F4-4765-862E-32D980961A09}.Debug|x64.ActiveCfg = Debug|Any CPU
		{70F63238-A7F4-4765-862E-32D980961A09}.Debug|x64.Build.0 = Debug|Any CPU
		{70F63238-A7F4-4765-862E-32D980961A09}.Debug|x86.ActiveCfg = Debug|Any CPU
		{70F63238-A7F4-4765-862E-32D980961A09}.Debug|x86.Build.0 = Debug|Any CPU
		{70F63238-A7F4-4765-862E-32D980961A09}.Release|Any CPU.ActiveCfg = Release|Any CPU
		{70F63238-A7F4-4765-862E-32D980961A09}.Release|Any CPU.Build.0 = Release|Any CPU
		{70F63238-A7F4-4765-862E-32D980961A09}.Release|x64.ActiveCfg = Release|Any CPU
		{70F63238-A7F4-4765-862E-32D980961A09}.Release|x64.Build.0 = Release|Any CPU
		{70F63238-A7F4-4765-862E-32D980961A09}.Release|x86.ActiveCfg = Release|Any CPU
		{70F63238-A7F4-4765-862E-32D980961A09}.Release|x86.Build.0 = Release|Any CPU
		{E9010917-A171-4C34-9F69-7D16EC814448}.Debug|Any CPU.ActiveCfg = Debug|x64
		{E9010917-A171-4C34-9F69-7D16EC814448}.Debug|Any CPU.Build.0 = Debug|x64
		{E9010917-A171-4C34-9F69-7D16EC814448}.Debug|x64.ActiveCfg = Debug|x64
		{E9010917-A171-4C34-9F69-7D16EC814448}.Debug|x64.Build.0 = Debug|x64
		{E9010917-A171-4C34-9F69-7D16EC814448}.Debug|x86.ActiveCfg = Debug|Win32
		{E9010917-A171-4C34-9F69-7D16EC814448}.Debug|x86.Build.0 = Debug|Win32
		{E9010917-A171-4C34-9F69-7D16EC814448}.Release|Any CPU.ActiveCfg = Release|x64
		{E9010917-A171-4C34-9F69-7D16EC814448}.Release|Any CPU.Build.0 = Release|x64
		{E9010917-A171-4C34-9F69-7D16EC814448}.Release|x64.ActiveCfg = Release|x64
		{E9010917-A171-4C34-9F69-7D16EC814448}.Release|x64.Build.0 = Release|x64
		{E9010917-A171-4C34-9F69-7D16EC814448}.Release|x86.ActiveCfg = Release|Win32
		{E9010917-A171-4C34-9F69-7D16EC814448}.Release|x86.Build.0 = Release|Win32
		{D67B31F7-7BA2-4ECF-BAD8-46F303303F76}.Debug|Any CPU.ActiveCfg = Debug|Any CPU
		{D67B31F7-7BA2-4ECF-BAD8-46F303303F76}.Debug|Any CPU.Build.0 = Debug|Any CPU
		{D67B31F7-7BA2-4ECF-BAD8-46F303303F76}.Debug|x64.ActiveCfg = Debug|Any CPU
		{D67B31F7-7BA2-4ECF-BAD8-46F303303F76}.Debug|x64.Build.0 = Debug|Any CPU
		{D67B31F7-7BA2-4ECF-BAD8-46F303303F76}.Debug|x86.ActiveCfg = Debug|Any CPU
		{D67B31F7-7BA2-4ECF-BAD8-46F303303F76}.Debug|x86.Build.0 = Debug|Any CPU
		{D67B31F7-7BA2-4ECF-BAD8-46F303303F76}.Release|Any CPU.ActiveCfg = Release|Any CPU
		{D67B31F7-7BA2-4ECF-BAD8-46F303303F76}.Release|Any CPU.Build.0 = Release|Any CPU
		{D67B31F7-7BA2-4ECF-BAD8-46F303303F76}.Release|x64.ActiveCfg = Release|Any CPU
		{D67B31F7-7BA2-4ECF-BAD8-46F303303F76}.Release|x64.Build.0 = Release|Any CPU
		{D67B31F7-7BA2-4ECF-BAD8-46F303303F76}.Release|x86.ActiveCfg = Release|Any CPU
		{D67B31F7-7BA2-4ECF-BAD8-46F303303F76}.Release|x86.Build.0 = Release|Any CPU
		{38BB88C4-31C9-4CF7-8062-082B3B517F45}.Debug|Any CPU.ActiveCfg = Debug|Any CPU
		{38BB88C4-31C9-4CF7-8062-082B3B517F45}.Debug|Any CPU.Build.0 = Debug|Any CPU
		{38BB88C4-31C9-4CF7-8062-082B3B517F45}.Debug|x64.ActiveCfg = Debug|Any CPU
		{38BB88C4-31C9-4CF7-8062-082B3B517F45}.Debug|x64.Build.0 = Debug|Any CPU
		{38BB88C4-31C9-4CF7-8062-082B3B517F45}.Debug|x86.ActiveCfg = Debug|Any CPU
		{38BB88C4-31C9-4CF7-8062-082B3B517F45}.Debug|x86.Build.0 = Debug|Any CPU
		{38BB88C4-31C9-4CF7-8062-082B3B517F45}.Release|Any CPU.ActiveCfg = Release|Any CPU
		{38BB88C4-31C9-4CF7-8062-082B3B517F45}.Release|Any CPU.Build.0 = Release|Any CPU
		{38BB88C4-31C9-4CF7-8062-082B3B517F45}.Release|x64.ActiveCfg = Release|Any CPU
		{38BB88C4-31C9-4CF7-8062-082B3B517F45}.Release|x64.Build.0 = Release|Any CPU
		{38BB88C4-31C9-4CF7-8062-082B3B517F45}.Release|x86.ActiveCfg = Release|Any CPU
		{38BB88C4-31C9-4CF7-8062-082B3B517F45}.Release|x86.Build.0 = Release|Any CPU
		{7D7E615F-2D80-4D3A-B2F5-8760294E80B7}.Debug|Any CPU.ActiveCfg = Debug|Any CPU
		{7D7E615F-2D80-4D3A-B2F5-8760294E80B7}.Debug|Any CPU.Build.0 = Debug|Any CPU
		{7D7E615F-2D80-4D3A-B2F5-8760294E80B7}.Debug|x64.ActiveCfg = Debug|Any CPU
		{7D7E615F-2D80-4D3A-B2F5-8760294E80B7}.Debug|x64.Build.0 = Debug|Any CPU
		{7D7E615F-2D80-4D3A-B2F5-8760294E80B7}.Debug|x86.ActiveCfg = Debug|Any CPU
		{7D7E615F-2D80-4D3A-B2F5-8760294E80B7}.Debug|x86.Build.0 = Debug|Any CPU
		{7D7E615F-2D80-4D3A-B2F5-8760294E80B7}.Release|Any CPU.ActiveCfg = Release|Any CPU
		{7D7E615F-2D80-4D3A-B2F5-8760294E80B7}.Release|Any CPU.Build.0 = Release|Any CPU
		{7D7E615F-2D80-4D3A-B2F5-8760294E80B7}.Release|x64.ActiveCfg = Release|Any CPU
		{7D7E615F-2D80-4D3A-B2F5-8760294E80B7}.Release|x64.Build.0 = Release|Any CPU
		{7D7E615F-2D80-4D3A-B2F5-8760294E80B7}.Release|x86.ActiveCfg = Release|Any CPU
		{7D7E615F-2D80-4D3A-B2F5-8760294E80B7}.Release|x86.Build.0 = Release|Any CPU
	EndGlobalSection
	GlobalSection(SolutionProperties) = preSolution
		HideSolutionNode = FALSE
	EndGlobalSection
	GlobalSection(NestedProjects) = preSolution
		{9744A982-E0F2-42B5-A790-90E51061B582} = {07BA62A2-02DC-4B6A-8E8A-1910AFC6B843}
		{85120A4F-54BF-441C-A1CC-39CAFFC66C1D} = {07BA62A2-02DC-4B6A-8E8A-1910AFC6B843}
		{F17CE9C1-DA52-4709-BFCE-961F5BC1F365} = {07BA62A2-02DC-4B6A-8E8A-1910AFC6B843}
		{0D94A0D4-EA46-4614-B94C-282E0005AB7C} = {F9DF278D-80B1-43A8-A0C8-14C02B51A737}
		{70F63238-A7F4-4765-862E-32D980961A09} = {F9DF278D-80B1-43A8-A0C8-14C02B51A737}
		{E9010917-A171-4C34-9F69-7D16EC814448} = {F9DF278D-80B1-43A8-A0C8-14C02B51A737}
		{D67B31F7-7BA2-4ECF-BAD8-46F303303F76} = {0D94A0D4-EA46-4614-B94C-282E0005AB7C}
		{38BB88C4-31C9-4CF7-8062-082B3B517F45} = {0D94A0D4-EA46-4614-B94C-282E0005AB7C}
		{7D7E615F-2D80-4D3A-B2F5-8760294E80B7} = {0D94A0D4-EA46-4614-B94C-282E0005AB7C}
	EndGlobalSection
	GlobalSection(ExtensibilityGlobals) = postSolution
		SolutionGuid = {8920B6E7-8346-42C1-8824-2B72D27131BC}
	EndGlobalSection
EndGlobal
